
Microsoft Visual Studio Solution File, Format Version 12.00
# Visual Studio Version 17
VisualStudioVersion = 17.3.32929.385
MinimumVisualStudioVersion = 10.0.40219.1
Project("{FAE04EC0-301F-11D3-BF4B-00C04F79EFBC}") = "WebScraperYoutube", "WebScraperYoutube.csproj", "{79A504FD-7236-47D1-A0A7-B67A9CD838AA}"
EndProject
Global
	GlobalSection(SolutionConfigurationPlatforms) = preSolution
		Debug|Any CPU = Debug|Any CPU
		Release|Any CPU = Release|Any CPU
	EndGlobalSection
	GlobalSection(ProjectConfigurationPlatforms) = postSolution
		{79A504FD-7236-47D1-A0A7-B67A9CD838AA}.Debug|Any CPU.ActiveCfg = Debug|Any CPU
		{79A504FD-7236-47D1-A0A7-B67A9CD838AA}.Debug|Any CPU.Build.0 = Debug|Any CPU
		{79A504FD-7236-47D1-A0A7-B67A9CD838AA}.Release|Any CPU.ActiveCfg = Release|Any CPU
		{79A504FD-7236-47D1-A0A7-B67A9CD838AA}.Release|Any CPU.Build.0 = Release|Any CPU
	EndGlobalSection
	GlobalSection(SolutionProperties) = preSolution
		HideSolutionNode = FALSE
	EndGlobalSection
	GlobalSection(ExtensibilityGlobals) = postSolution
		SolutionGuid = {790B0AD8-F26E-4E37-88AA-7C2CDF38682C}
	EndGlobalSection
EndGlobal
